
Microsoft Visual Studio Solution File, Format Version 12.00
# Visual Studio 15
VisualStudioVersion = 15.0.28010.2026
MinimumVisualStudioVersion = 10.0.40219.1
Project("{FAE04EC0-301F-11D3-BF4B-00C04F79EFBC}") = "Visualization Pathing Algorithms", "Visualization Pathing Algorithms\Visualization Pathing Algorithms.csproj", "{F3EE30DE-1B7C-4DA0-A73F-673E08EC2470}"
EndProject
Global
	GlobalSection(SolutionConfigurationPlatforms) = preSolution
		Debug|Any CPU = Debug|Any CPU
		Release|Any CPU = Release|Any CPU
	EndGlobalSection
	GlobalSection(ProjectConfigurationPlatforms) = postSolution
		{F3EE30DE-1B7C-4DA0-A73F-673E08EC2470}.Debug|Any CPU.ActiveCfg = Debug|Any CPU
		{F3EE30DE-1B7C-4DA0-A73F-673E08EC2470}.Debug|Any CPU.Build.0 = Debug|Any CPU
		{F3EE30DE-1B7C-4DA0-A73F-673E08EC2470}.Release|Any CPU.ActiveCfg = Release|Any CPU
		{F3EE30DE-1B7C-4DA0-A73F-673E08EC2470}.Release|Any CPU.Build.0 = Release|Any CPU
	EndGlobalSection
	GlobalSection(SolutionProperties) = preSolution
		HideSolutionNode = FALSE
	EndGlobalSection
	GlobalSection(ExtensibilityGlobals) = postSolution
		SolutionGuid = {A51F021D-F1C1-4971-B832-3B2CB82647B3}
	EndGlobalSection
EndGlobal
